
Microsoft Visual Studio Solution File, Format Version 12.00
# Visual Studio 15
VisualStudioVersion = 15.0.28307.271
MinimumVisualStudioVersion = 10.0.40219.1
Project("{FAE04EC0-301F-11D3-BF4B-00C04F79EFBC}") = "Kaczorek.BL", "Kaczorek.BL\Kaczorek.BL.csproj", "{C2AF587F-4B09-4A3F-9574-3A1A9D5C52A7}"
EndProject
Global
	GlobalSection(SolutionConfigurationPlatforms) = preSolution
		Debug|Any CPU = Debug|Any CPU
		Release|Any CPU = Release|Any CPU
	EndGlobalSection
	GlobalSection(ProjectConfigurationPlatforms) = postSolution
		{C2AF587F-4B09-4A3F-9574-3A1A9D5C52A7}.Debug|Any CPU.ActiveCfg = Debug|Any CPU
		{C2AF587F-4B09-4A3F-9574-3A1A9D5C52A7}.Debug|Any CPU.Build.0 = Debug|Any CPU
		{C2AF587F-4B09-4A3F-9574-3A1A9D5C52A7}.Release|Any CPU.ActiveCfg = Release|Any CPU
		{C2AF587F-4B09-4A3F-9574-3A1A9D5C52A7}.Release|Any CPU.Build.0 = Release|Any CPU
	EndGlobalSection
	GlobalSection(SolutionProperties) = preSolution
		HideSolutionNode = FALSE
	EndGlobalSection
	GlobalSection(ExtensibilityGlobals) = postSolution
		SolutionGuid = {E13DC10E-9659-4582-89CE-CE1FF6D47AD5}
	EndGlobalSection
EndGlobal
